
Microsoft Visual Studio Solution File, Format Version 12.00
# Visual Studio Version 17
VisualStudioVersion = 17.13.35806.99
MinimumVisualStudioVersion = 10.0.40219.1
Project("{2150E333-8FDC-42A3-9474-1A3956D46DE8}") = "Services", "Services", "{02EA681E-C7D8-13C7-8484-4AC65E1B71E8}"
EndProject
Project("{2150E333-8FDC-42A3-9474-1A3956D46DE8}") = "Auth", "Auth", "{CD3E40EB-FD69-459F-B2FE-1C7765541847}"
EndProject
Project("{FAE04EC0-301F-11D3-BF4B-00C04F79EFBC}") = "AuthService", "Services\Auth\AuthService\AuthService.csproj", "{9A77B0EB-05E1-4DCC-8579-24721B572A37}"
EndProject
Project("{2150E333-8FDC-42A3-9474-1A3956D46DE8}") = "Auth.Api", "Auth.Api", "{895A4E16-D8CE-442C-9377-599D99540D58}"
EndProject
Project("{2150E333-8FDC-42A3-9474-1A3956D46DE8}") = "Auth.Domain", "Auth.Domain", "{6CECFF41-13C6-4FC9-BC0E-5AEC5DA170A6}"
EndProject
Project("{2150E333-8FDC-42A3-9474-1A3956D46DE8}") = "Auth.Application", "Auth.Application", "{F845758B-5430-43A7-BC43-C0BA554D7BC1}"
EndProject
Project("{2150E333-8FDC-42A3-9474-1A3956D46DE8}") = "Auth.Infrastructure", "Auth.Infrastructure", "{4E8F1E35-41A9-416F-8EB9-5A2396CEECDB}"
EndProject
Project("{FAE04EC0-301F-11D3-BF4B-00C04F79EFBC}") = "Infrastructure", "Services\Auth\Auth.Infrastructure\Infrastructure\Infrastructure.csproj", "{68F82AD0-230C-4476-9A4C-A8AA18EBF2D0}"
EndProject
Project("{FAE04EC0-301F-11D3-BF4B-00C04F79EFBC}") = "Domain", "Services\Auth\Auth.Domain\Domain\Domain.csproj", "{414ACA12-458D-428C-A713-2987C5DB1381}"
EndProject
Project("{FAE04EC0-301F-11D3-BF4B-00C04F79EFBC}") = "Application", "Services\Auth\Auth.Application\Application\Application.csproj", "{81E8DEAE-86A6-4475-B573-465B37368464}"
EndProject
Project("{FAE04EC0-301F-11D3-BF4B-00C04F79EFBC}") = "Interface-Adapters", "Services\Auth\Auth.Infrastructure\Interface-Adapters\Interface-Adapters.csproj", "{8C20D43D-3C86-45A8-A2EF-1E924163E506}"
EndProject
Global
	GlobalSection(SolutionConfigurationPlatforms) = preSolution
		Debug|Any CPU = Debug|Any CPU
		Release|Any CPU = Release|Any CPU
	EndGlobalSection
	GlobalSection(ProjectConfigurationPlatforms) = postSolution
		{9A77B0EB-05E1-4DCC-8579-24721B572A37}.Debug|Any CPU.ActiveCfg = Debug|Any CPU
		{9A77B0EB-05E1-4DCC-8579-24721B572A37}.Debug|Any CPU.Build.0 = Debug|Any CPU
		{9A77B0EB-05E1-4DCC-8579-24721B572A37}.Release|Any CPU.ActiveCfg = Release|Any CPU
		{9A77B0EB-05E1-4DCC-8579-24721B572A37}.Release|Any CPU.Build.0 = Release|Any CPU
		{68F82AD0-230C-4476-9A4C-A8AA18EBF2D0}.Debug|Any CPU.ActiveCfg = Debug|Any CPU
		{68F82AD0-230C-4476-9A4C-A8AA18EBF2D0}.Debug|Any CPU.Build.0 = Debug|Any CPU
		{68F82AD0-230C-4476-9A4C-A8AA18EBF2D0}.Release|Any CPU.ActiveCfg = Release|Any CPU
		{68F82AD0-230C-4476-9A4C-A8AA18EBF2D0}.Release|Any CPU.Build.0 = Release|Any CPU
		{414ACA12-458D-428C-A713-2987C5DB1381}.Debug|Any CPU.ActiveCfg = Debug|Any CPU
		{414ACA12-458D-428C-A713-2987C5DB1381}.Debug|Any CPU.Build.0 = Debug|Any CPU
		{414ACA12-458D-428C-A713-2987C5DB1381}.Release|Any CPU.ActiveCfg = Release|Any CPU
		{414ACA12-458D-428C-A713-2987C5DB1381}.Release|Any CPU.Build.0 = Release|Any CPU
		{81E8DEAE-86A6-4475-B573-465B37368464}.Debug|Any CPU.ActiveCfg = Debug|Any CPU
		{81E8DEAE-86A6-4475-B573-465B37368464}.Debug|Any CPU.Build.0 = Debug|Any CPU
		{81E8DEAE-86A6-4475-B573-465B37368464}.Release|Any CPU.ActiveCfg = Release|Any CPU
		{81E8DEAE-86A6-4475-B573-465B37368464}.Release|Any CPU.Build.0 = Release|Any CPU
		{8C20D43D-3C86-45A8-A2EF-1E924163E506}.Debug|Any CPU.ActiveCfg = Debug|Any CPU
		{8C20D43D-3C86-45A8-A2EF-1E924163E506}.Debug|Any CPU.Build.0 = Debug|Any CPU
		{8C20D43D-3C86-45A8-A2EF-1E924163E506}.Release|Any CPU.ActiveCfg = Release|Any CPU
		{8C20D43D-3C86-45A8-A2EF-1E924163E506}.Release|Any CPU.Build.0 = Release|Any CPU
	EndGlobalSection
	GlobalSection(SolutionProperties) = preSolution
		HideSolutionNode = FALSE
	EndGlobalSection
	GlobalSection(NestedProjects) = preSolution
		{CD3E40EB-FD69-459F-B2FE-1C7765541847} = {02EA681E-C7D8-13C7-8484-4AC65E1B71E8}
		{9A77B0EB-05E1-4DCC-8579-24721B572A37} = {895A4E16-D8CE-442C-9377-599D99540D58}
		{895A4E16-D8CE-442C-9377-599D99540D58} = {CD3E40EB-FD69-459F-B2FE-1C7765541847}
		{6CECFF41-13C6-4FC9-BC0E-5AEC5DA170A6} = {CD3E40EB-FD69-459F-B2FE-1C7765541847}
		{F845758B-5430-43A7-BC43-C0BA554D7BC1} = {CD3E40EB-FD69-459F-B2FE-1C7765541847}
		{4E8F1E35-41A9-416F-8EB9-5A2396CEECDB} = {CD3E40EB-FD69-459F-B2FE-1C7765541847}
		{68F82AD0-230C-4476-9A4C-A8AA18EBF2D0} = {4E8F1E35-41A9-416F-8EB9-5A2396CEECDB}
		{414ACA12-458D-428C-A713-2987C5DB1381} = {6CECFF41-13C6-4FC9-BC0E-5AEC5DA170A6}
		{81E8DEAE-86A6-4475-B573-465B37368464} = {F845758B-5430-43A7-BC43-C0BA554D7BC1}
		{8C20D43D-3C86-45A8-A2EF-1E924163E506} = {4E8F1E35-41A9-416F-8EB9-5A2396CEECDB}
	EndGlobalSection
	GlobalSection(ExtensibilityGlobals) = postSolution
		SolutionGuid = {6B43CC6E-AFC4-47FC-BE27-39ADE3C08D36}
	EndGlobalSection
EndGlobal
